{
  "requires": true,
  "lockfileVersion": 1,
  "dependencies": {
    "@aws-cdk/assets": {
      "version": "1.170.0",
      "resolved": "https://registry.npmjs.org/@aws-cdk/assets/-/assets-1.170.0.tgz",
      "integrity": "sha512-OB3yw4TEaBzgIXBWme4MS8rmisCVc1ZGjD5ugC4BZFjVzoa+BgGK3aydecATbnaAGXNfSln8rRpLwN3sDC69Qg==",
      "requires": {
        "@aws-cdk/core": "1.170.0",
        "@aws-cdk/cx-api": "1.170.0",
        "constructs": "^3.3.69"
      }
    },
    "@aws-cdk/aws-applicationautoscaling": {
      "version": "1.170.0",
      "resolved": "https://registry.npmjs.org/@aws-cdk/aws-applicationautoscaling/-/aws-applicationautoscaling-1.170.0.tgz",
      "integrity": "sha512-Il1RQTgFOOzDBFJMgBhIvklAEetmKx229VVPKrlxYLZJboLydDcCdiNhBjl8Gp522R4RiQV9BQ/B5RSCgC9MwQ==",
      "requires": {
        "@aws-cdk/aws-autoscaling-common": "1.170.0",
        "@aws-cdk/aws-cloudwatch": "1.170.0",
        "@aws-cdk/aws-iam": "1.170.0",
        "@aws-cdk/core": "1.170.0",
        "constructs": "^3.3.69"
      }
    },
    "@aws-cdk/aws-autoscaling-common": {
      "version": "1.170.0",
      "resolved": "https://registry.npmjs.org/@aws-cdk/aws-autoscaling-common/-/aws-autoscaling-common-1.170.0.tgz",
      "integrity": "sha512-+D7rdpjV1AUJPWCvLUeQxrr9Cxl6XSOeMZciYh0fcumORs6O+6YavkGZWeKNLpdwVTqF0NIjeP2/JfzixvAJYA==",
      "requires": {
        "@aws-cdk/aws-iam": "1.170.0",
        "@aws-cdk/core": "1.170.0",
        "constructs": "^3.3.69"
      }
    },
    "@aws-cdk/aws-cloudwatch": {
      "version": "1.170.0",
      "resolved": "https://registry.npmjs.org/@aws-cdk/aws-cloudwatch/-/aws-cloudwatch-1.170.0.tgz",
      "integrity": "sha512-5FlDJhV9/kdRyIUACcrnttVCDOqNzdEBeqegx6B6j1yOtANCsoF71tQP3u1KGtYIdhlGet52z8v85MPYpWZE3g==",
      "requires": {
        "@aws-cdk/aws-iam": "1.170.0",
        "@aws-cdk/core": "1.170.0",
        "constructs": "^3.3.69"
      }
    },
    "@aws-cdk/aws-codeguruprofiler": {
      "version": "1.170.0",
      "resolved": "https://registry.npmjs.org/@aws-cdk/aws-codeguruprofiler/-/aws-codeguruprofiler-1.170.0.tgz",
      "integrity": "sha512-sJhSyALipfwdSeUhnB0tJ8Jy6wutcPo2Uvbb1tMp0kB1EhaUHIekWy7hPp7uMiyhww4OFsvb9yrm/V+V71j98g==",
      "requires": {
        "@aws-cdk/aws-iam": "1.170.0",
        "@aws-cdk/core": "1.170.0",
        "constructs": "^3.3.69"
      }
    },
    "@aws-cdk/aws-codestarnotifications": {
      "version": "1.170.0",
      "resolved": "https://registry.npmjs.org/@aws-cdk/aws-codestarnotifications/-/aws-codestarnotifications-1.170.0.tgz",
      "integrity": "sha512-4FJVsX0JBWDBV2XvWfe8KkvsRJdzZoBdyMCzb1SP6Fe6+kMShc+5vNwBD7pdMOam+3FFJ2tMpJKzuUFsRH9HxQ==",
      "requires": {
        "@aws-cdk/core": "1.170.0",
        "constructs": "^3.3.69"
      }
    },
    "@aws-cdk/aws-ec2": {
      "version": "1.170.0",
      "resolved": "https://registry.npmjs.org/@aws-cdk/aws-ec2/-/aws-ec2-1.170.0.tgz",
      "integrity": "sha512-xFP3IBpL+3yvsTXnVxkzllKzT98ah3q7StyYox4xi4UpdlwPMcwgmQkqh1Ch4iHbPEy5AxfcY4s4dczBfKi1Dw==",
      "requires": {
        "@aws-cdk/aws-cloudwatch": "1.170.0",
        "@aws-cdk/aws-iam": "1.170.0",
        "@aws-cdk/aws-kms": "1.170.0",
        "@aws-cdk/aws-logs": "1.170.0",
        "@aws-cdk/aws-s3": "1.170.0",
        "@aws-cdk/aws-s3-assets": "1.170.0",
        "@aws-cdk/aws-ssm": "1.170.0",
        "@aws-cdk/cloud-assembly-schema": "1.170.0",
        "@aws-cdk/core": "1.170.0",
        "@aws-cdk/cx-api": "1.170.0",
        "@aws-cdk/region-info": "1.170.0",
        "constructs": "^3.3.69"
      }
    },
    "@aws-cdk/aws-ecr": {
      "version": "1.170.0",
      "resolved": "https://registry.npmjs.org/@aws-cdk/aws-ecr/-/aws-ecr-1.170.0.tgz",
      "integrity": "sha512-pgCF1gy/fgB3NSFogFTrErWloUUJxfe9S45BSkCGlpHLrfWv1ba96eChJCS1Kx/aq7IE2HqgheZ2oXbjXzMJEg==",
      "requires": {
        "@aws-cdk/aws-events": "1.170.0",
        "@aws-cdk/aws-iam": "1.170.0",
        "@aws-cdk/aws-kms": "1.170.0",
        "@aws-cdk/core": "1.170.0",
        "constructs": "^3.3.69"
      }
    },
    "@aws-cdk/aws-ecr-assets": {
      "version": "1.170.0",
      "resolved": "https://registry.npmjs.org/@aws-cdk/aws-ecr-assets/-/aws-ecr-assets-1.170.0.tgz",
      "integrity": "sha512-f8lAfENTtsQnTFmCW6DNrZP6xnpV1EHpECGNYSsVlf15KS5XZICg2++1DFnbWHYfrvBBqAGmuBKCe3wgV/eNrw==",
      "requires": {
        "@aws-cdk/assets": "1.170.0",
        "@aws-cdk/aws-ecr": "1.170.0",
        "@aws-cdk/aws-iam": "1.170.0",
        "@aws-cdk/aws-s3": "1.170.0",
        "@aws-cdk/core": "1.170.0",
        "@aws-cdk/cx-api": "1.170.0",
        "constructs": "^3.3.69"
      }
    },
    "@aws-cdk/aws-efs": {
      "version": "1.170.0",
      "resolved": "https://registry.npmjs.org/@aws-cdk/aws-efs/-/aws-efs-1.170.0.tgz",
      "integrity": "sha512-wh9lks6l/h1d3xOw/Ck2QXDdoNsdkvHkrmvwhpozBURdguMOc2QRD4hVDhcxLZAhAxXBseaB32qyCdr/kGdxEQ==",
      "requires": {
        "@aws-cdk/aws-ec2": "1.170.0",
        "@aws-cdk/aws-iam": "1.170.0",
        "@aws-cdk/aws-kms": "1.170.0",
        "@aws-cdk/cloud-assembly-schema": "1.170.0",
        "@aws-cdk/core": "1.170.0",
        "@aws-cdk/cx-api": "1.170.0",
        "constructs": "^3.3.69"
      }
    },
    "@aws-cdk/aws-events": {
      "version": "1.170.0",
      "resolved": "https://registry.npmjs.org/@aws-cdk/aws-events/-/aws-events-1.170.0.tgz",
      "integrity": "sha512-EGSUcee6Ssr3f81jUjll+DIVDV/kvE75AASXMaRK0e2LVAr9M/BMqqcjADUkKLfYtD1RzspjPu+NvYCiN8UANw==",
      "requires": {
        "@aws-cdk/aws-iam": "1.170.0",
        "@aws-cdk/core": "1.170.0",
        "constructs": "^3.3.69"
      }
    },
    "@aws-cdk/aws-iam": {
      "version": "1.170.0",
      "resolved": "https://registry.npmjs.org/@aws-cdk/aws-iam/-/aws-iam-1.170.0.tgz",
      "integrity": "sha512-dmjDOEQffmpzwLI4anfr2lotN2JdFYexKWc6RmVjbtyalkJm1J5lFockcsNBzrQinNQlHlQvjmTgx1psayyQhA==",
      "requires": {
        "@aws-cdk/core": "1.170.0",
        "@aws-cdk/cx-api": "1.170.0",
        "@aws-cdk/region-info": "1.170.0",
        "constructs": "^3.3.69"
      }
    },
    "@aws-cdk/aws-kms": {
      "version": "1.170.0",
      "resolved": "https://registry.npmjs.org/@aws-cdk/aws-kms/-/aws-kms-1.170.0.tgz",
      "integrity": "sha512-CMrQ+8pqnYf1oqhHOEbb+K12+0mVsIMblze1bNoMAJ5/WX4XeblMa7ujCx31BYZ2rFqL66Ij0r9VkKEOUNfOgA==",
      "requires": {
        "@aws-cdk/aws-iam": "1.170.0",
        "@aws-cdk/cloud-assembly-schema": "1.170.0",
        "@aws-cdk/core": "1.170.0",
        "@aws-cdk/cx-api": "1.170.0",
        "constructs": "^3.3.69"
      }
    },
    "@aws-cdk/aws-lambda": {
      "version": "1.170.0",
      "resolved": "https://registry.npmjs.org/@aws-cdk/aws-lambda/-/aws-lambda-1.170.0.tgz",
      "integrity": "sha512-jhv7YYZqGKz8coH9DgnOZrVe1ZOVoQF69o/wSMQkyaOIAyM2z5u1yoiO3Ar0tykXUitN9KyvDqXseB3xMcDq2Q==",
      "requires": {
        "@aws-cdk/aws-applicationautoscaling": "1.170.0",
        "@aws-cdk/aws-cloudwatch": "1.170.0",
        "@aws-cdk/aws-codeguruprofiler": "1.170.0",
        "@aws-cdk/aws-ec2": "1.170.0",
        "@aws-cdk/aws-ecr": "1.170.0",
        "@aws-cdk/aws-ecr-assets": "1.170.0",
        "@aws-cdk/aws-efs": "1.170.0",
        "@aws-cdk/aws-events": "1.170.0",
        "@aws-cdk/aws-iam": "1.170.0",
        "@aws-cdk/aws-kms": "1.170.0",
        "@aws-cdk/aws-logs": "1.170.0",
        "@aws-cdk/aws-s3": "1.170.0",
        "@aws-cdk/aws-s3-assets": "1.170.0",
        "@aws-cdk/aws-signer": "1.170.0",
        "@aws-cdk/aws-sns": "1.170.0",
        "@aws-cdk/aws-sqs": "1.170.0",
        "@aws-cdk/core": "1.170.0",
        "@aws-cdk/cx-api": "1.170.0",
        "@aws-cdk/region-info": "1.170.0",
        "constructs": "^3.3.69"
      }
    },
    "@aws-cdk/aws-logs": {
      "version": "1.170.0",
      "resolved": "https://registry.npmjs.org/@aws-cdk/aws-logs/-/aws-logs-1.170.0.tgz",
      "integrity": "sha512-YpbGVvngOSjbm+cqUtf8SD42IVKIVJBRCj736fa8s0eg37OfG/6CetCvz06nulk+DgQ5aEE/wXp5ym0yPnq6Jw==",
      "requires": {
        "@aws-cdk/aws-cloudwatch": "1.170.0",
        "@aws-cdk/aws-iam": "1.170.0",
        "@aws-cdk/aws-kms": "1.170.0",
        "@aws-cdk/aws-s3-assets": "1.170.0",
        "@aws-cdk/core": "1.170.0",
        "@aws-cdk/cx-api": "1.170.0",
        "constructs": "^3.3.69"
      }
    },
    "@aws-cdk/aws-s3": {
      "version": "1.170.0",
      "resolved": "https://registry.npmjs.org/@aws-cdk/aws-s3/-/aws-s3-1.170.0.tgz",
      "integrity": "sha512-1TuXowYfVEiez9TtEFQcyMTFtJO9xDa30P9AZH5ztxDo6qf4D/VS/m/TcM2znwBHedkntlkcxvbpUVfV8I2XPw==",
      "requires": {
        "@aws-cdk/aws-events": "1.170.0",
        "@aws-cdk/aws-iam": "1.170.0",
        "@aws-cdk/aws-kms": "1.170.0",
        "@aws-cdk/core": "1.170.0",
        "@aws-cdk/cx-api": "1.170.0",
        "constructs": "^3.3.69"
      }
    },
    "@aws-cdk/aws-s3-assets": {
      "version": "1.170.0",
      "resolved": "https://registry.npmjs.org/@aws-cdk/aws-s3-assets/-/aws-s3-assets-1.170.0.tgz",
      "integrity": "sha512-1R7PHdfIi7or0xcjmdQczffgL7JK5l5zOAibDby4xu/I0W5rjooFP0YcZTPaiYXyJDVp8s67vd6/8zo9kimPsg==",
      "requires": {
        "@aws-cdk/assets": "1.170.0",
        "@aws-cdk/aws-iam": "1.170.0",
        "@aws-cdk/aws-kms": "1.170.0",
        "@aws-cdk/aws-s3": "1.170.0",
        "@aws-cdk/core": "1.170.0",
        "@aws-cdk/cx-api": "1.170.0",
        "constructs": "^3.3.69"
      }
    },
    "@aws-cdk/aws-signer": {
      "version": "1.170.0",
      "resolved": "https://registry.npmjs.org/@aws-cdk/aws-signer/-/aws-signer-1.170.0.tgz",
      "integrity": "sha512-zHF38IReCLVckC9wWesRu8MBf+On4dOZmangiAGpuQgdStVkF0hu/LqFLoPKB1Biwq4L3dCoQgzxPvkBwnwE8A==",
      "requires": {
        "@aws-cdk/core": "1.170.0",
        "constructs": "^3.3.69"
      }
    },
    "@aws-cdk/aws-sns": {
      "version": "1.170.0",
      "resolved": "https://registry.npmjs.org/@aws-cdk/aws-sns/-/aws-sns-1.170.0.tgz",
      "integrity": "sha512-MLEZTbTrKZPwkoYJH2nK6Pgw4lXX2fNPfjm2v8EROtg3emNQ8hFOSXTCgrk+5H1ZT+DsCeMv3/DIZbvyFNbpQw==",
      "requires": {
        "@aws-cdk/aws-cloudwatch": "1.170.0",
        "@aws-cdk/aws-codestarnotifications": "1.170.0",
        "@aws-cdk/aws-events": "1.170.0",
        "@aws-cdk/aws-iam": "1.170.0",
        "@aws-cdk/aws-kms": "1.170.0",
        "@aws-cdk/aws-sqs": "1.170.0",
        "@aws-cdk/core": "1.170.0",
        "constructs": "^3.3.69"
      }
    },
    "@aws-cdk/aws-sqs": {
      "version": "1.170.0",
      "resolved": "https://registry.npmjs.org/@aws-cdk/aws-sqs/-/aws-sqs-1.170.0.tgz",
      "integrity": "sha512-jEOJnHgAa0qjZz9KpggOLtyeTJHjYjMYfdusYMumCXpMkXGZ2LKbnhYyY5jJa9U7ZijswY55xusi0biHBdlRVQ==",
      "requires": {
        "@aws-cdk/aws-cloudwatch": "1.170.0",
        "@aws-cdk/aws-iam": "1.170.0",
        "@aws-cdk/aws-kms": "1.170.0",
        "@aws-cdk/core": "1.170.0",
        "constructs": "^3.3.69"
      }
    },
    "@aws-cdk/aws-ssm": {
      "version": "1.170.0",
      "resolved": "https://registry.npmjs.org/@aws-cdk/aws-ssm/-/aws-ssm-1.170.0.tgz",
      "integrity": "sha512-cZbt4dcGG4fwXjU6FcNZ/1wOgdBBWzB8PMP67yvYaZttEW8tDExzbQIvx0ItcF+WuG69719HLxAlGlnQkJ8mEw==",
      "requires": {
        "@aws-cdk/aws-iam": "1.170.0",
        "@aws-cdk/aws-kms": "1.170.0",
        "@aws-cdk/cloud-assembly-schema": "1.170.0",
        "@aws-cdk/core": "1.170.0",
        "constructs": "^3.3.69"
      }
    },
    "@aws-cdk/cloud-assembly-schema": {
      "version": "1.170.0",
      "resolved": "https://registry.npmjs.org/@aws-cdk/cloud-assembly-schema/-/cloud-assembly-schema-1.170.0.tgz",
      "integrity": "sha512-Sw1bSNVMOvcJymAQFBUZXHryYSpZxmTnVJDIu/ZobXbHpD+4kS6f+5MoMbG7QuS+yjUxoqOU79b5sj5o5BXhbQ==",
      "requires": {
        "jsonschema": "^1.4.1",
        "semver": "^7.3.7"
      },
      "dependencies": {
        "jsonschema": {
          "version": "1.4.1",
          "bundled": true
        },
        "lru-cache": {
          "version": "6.0.0",
          "bundled": true,
          "requires": {
            "yallist": "^4.0.0"
          }
        },
        "semver": {
          "version": "7.3.7",
          "bundled": true,
          "requires": {
            "lru-cache": "^6.0.0"
          }
        },
        "yallist": {
          "version": "4.0.0",
          "bundled": true
        }
      }
    },
    "@aws-cdk/core": {
      "version": "1.170.0",
      "resolved": "https://registry.npmjs.org/@aws-cdk/core/-/core-1.170.0.tgz",
      "integrity": "sha512-KjQz+0TYzstf7avDJ3HP9qbyYRGSyfqPDLK/tBAa531ZDXlnSAyLhvHE8Oj+Vc1xtUfKs7wMb/dimi0sf6Ersg==",
      "requires": {
        "@aws-cdk/cloud-assembly-schema": "1.170.0",
        "@aws-cdk/cx-api": "1.170.0",
        "@aws-cdk/region-info": "1.170.0",
        "@balena/dockerignore": "^1.0.2",
        "constructs": "^3.3.69",
        "fs-extra": "^9.1.0",
        "ignore": "^5.2.0",
        "minimatch": "^3.1.2"
      },
      "dependencies": {
        "@balena/dockerignore": {
          "version": "1.0.2",
          "bundled": true
        },
        "at-least-node": {
          "version": "1.0.0",
          "bundled": true
        },
        "balanced-match": {
          "version": "1.0.2",
          "bundled": true
        },
        "brace-expansion": {
          "version": "1.1.11",
          "bundled": true,
          "requires": {
            "balanced-match": "^1.0.0",
            "concat-map": "0.0.1"
          }
        },
        "concat-map": {
          "version": "0.0.1",
          "bundled": true
        },
        "fs-extra": {
          "version": "9.1.0",
          "bundled": true,
          "requires": {
            "at-least-node": "^1.0.0",
            "graceful-fs": "^4.2.0",
            "jsonfile": "^6.0.1",
            "universalify": "^2.0.0"
          }
        },
        "graceful-fs": {
          "version": "4.2.10",
          "bundled": true
        },
        "ignore": {
          "version": "5.2.0",
          "bundled": true
        },
        "jsonfile": {
          "version": "6.1.0",
          "bundled": true,
          "requires": {
            "graceful-fs": "^4.1.6",
            "universalify": "^2.0.0"
          }
        },
        "minimatch": {
          "version": "3.1.2",
          "bundled": true,
          "requires": {
            "brace-expansion": "^1.1.7"
          }
        },
        "universalify": {
          "version": "2.0.0",
          "bundled": true
        }
      }
    },
    "@aws-cdk/cx-api": {
      "version": "1.170.0",
      "resolved": "https://registry.npmjs.org/@aws-cdk/cx-api/-/cx-api-1.170.0.tgz",
      "integrity": "sha512-nhgX5kDdCDuzbvaSYM/NHUWEbzIs6PR4vR2nW3mIGXBbBtzKAtpwKzo4k/euSU7mj0TRqrnfMcRvNeq9nosOZQ==",
      "requires": {
        "@aws-cdk/cloud-assembly-schema": "1.170.0",
        "semver": "^7.3.7"
      },
      "dependencies": {
        "lru-cache": {
          "version": "6.0.0",
          "bundled": true,
          "requires": {
            "yallist": "^4.0.0"
          }
        },
        "semver": {
          "version": "7.3.7",
          "bundled": true,
          "requires": {
            "lru-cache": "^6.0.0"
          }
        },
        "yallist": {
          "version": "4.0.0",
          "bundled": true
        }
      }
    },
    "@aws-cdk/region-info": {
      "version": "1.170.0",
      "resolved": "https://registry.npmjs.org/@aws-cdk/region-info/-/region-info-1.170.0.tgz",
      "integrity": "sha512-Xs8cV6Xwm5udGFGJUoXepGoa1DaROHjjVC1kAR0lCtu75tQypW7v3Mj7ZTmGp5puBWwlpHX+zUR9NHB7XA+N3A=="
    },
    "constructs": {
      "version": "3.4.82",
      "resolved": "https://registry.npmjs.org/constructs/-/constructs-3.4.82.tgz",
      "integrity": "sha512-HEkfi347P8/BxAN6p7ui1IhSmhjKZtOEi5fZ0L4NKElEaqFox0JOA+YTDaPolWkJz6joDVvFD7VuMR/NMhlUDQ=="
    }
  }
}
